
Microsoft Visual Studio Solution File, Format Version 12.00
# Visual Studio Version 16
VisualStudioVersion = 16.0.29709.97
MinimumVisualStudioVersion = 10.0.40219.1
Project("{FAE04EC0-301F-11D3-BF4B-00C04F79EFBC}") = "MultiImageUpload", "MultiImageUpload\MultiImageUpload.csproj", "{0F8F781F-B098-4BF3-B5DC-5FF2EFC655C3}"
EndProject
Global
	GlobalSection(SolutionConfigurationPlatforms) = preSolution
		Debug|Any CPU = Debug|Any CPU
		Release|Any CPU = Release|Any CPU
	EndGlobalSection
	GlobalSection(ProjectConfigurationPlatforms) = postSolution
		{0F8F781F-B098-4BF3-B5DC-5FF2EFC655C3}.Debug|Any CPU.ActiveCfg = Debug|Any CPU
		{0F8F781F-B098-4BF3-B5DC-5FF2EFC655C3}.Debug|Any CPU.Build.0 = Debug|Any CPU
		{0F8F781F-B098-4BF3-B5DC-5FF2EFC655C3}.Release|Any CPU.ActiveCfg = Release|Any CPU
		{0F8F781F-B098-4BF3-B5DC-5FF2EFC655C3}.Release|Any CPU.Build.0 = Release|Any CPU
	EndGlobalSection
	GlobalSection(SolutionProperties) = preSolution
		HideSolutionNode = FALSE
	EndGlobalSection
	GlobalSection(ExtensibilityGlobals) = postSolution
		SolutionGuid = {1C2B8A71-0E37-4EAB-AA99-206195AE60F0}
	EndGlobalSection
EndGlobal
